// !$*UTF8*$!
{
	archiveVersion = 1;
	classes = {
	};
	objectVersion = 46;
	objects = {

/* Begin PBXBuildFile section */
		93070A971A48508E00A7927B /* AppDelegate.swift in Sources */ = {isa = PBXBuildFile; fileRef = 93070A961A48508E00A7927B /* AppDelegate.swift */; };
		93070A991A48508E00A7927B /* MasterViewController.swift in Sources */ = {isa = PBXBuildFile; fileRef = 93070A981A48508E00A7927B /* MasterViewController.swift */; };
		93070A9B1A48508E00A7927B /* DetailViewController.swift in Sources */ = {isa = PBXBuildFile; fileRef = 93070A9A1A48508E00A7927B /* DetailViewController.swift */; };
		93070A9E1A48508F00A7927B /* Main.storyboard in Resources */ = {isa = PBXBuildFile; fileRef = 93070A9C1A48508F00A7927B /* Main.storyboard */; };
		93070AA01A48508F00A7927B /* Images.xcassets in Resources */ = {isa = PBXBuildFile; fileRef = 93070A9F1A48508F00A7927B /* Images.xcassets */; };
		93070AA31A48508F00A7927B /* LaunchScreen.xib in Resources */ = {isa = PBXBuildFile; fileRef = 93070AA11A48508F00A7927B /* LaunchScreen.xib */; };
		93070AAF1A48508F00A7927B /* SWAGLibraryTests.swift in Sources */ = {isa = PBXBuildFile; fileRef = 93070AAE1A48508F00A7927B /* SWAGLibraryTests.swift */; };
		931E2ED01A4BC966006B553B /* AddBookViewController.swift in Sources */ = {isa = PBXBuildFile; fileRef = 931E2ECF1A4BC966006B553B /* AddBookViewController.swift */; };
		935149B51A4C951D00062997 /* SwiftHTTP.framework in Frameworks */ = {isa = PBXBuildFile; fileRef = 935149AE1A4C94EF00062997 /* SwiftHTTP.framework */; };
		935149C51A4C97E000062997 /* JSONJoy.framework in Frameworks */ = {isa = PBXBuildFile; fileRef = 935149BE1A4C974200062997 /* JSONJoy.framework */; };
		935149C71A4C9E6700062997 /* SWAGBookRetrieval.swift in Sources */ = {isa = PBXBuildFile; fileRef = 935149C61A4C9E6700062997 /* SWAGBookRetrieval.swift */; };
		935149C91A4CA35B00062997 /* SWAGRawValues.swift in Sources */ = {isa = PBXBuildFile; fileRef = 935149C81A4CA35B00062997 /* SWAGRawValues.swift */; };
		93AA08201A5CB77C0041FCC2 /* HTTPPost.m in Sources */ = {isa = PBXBuildFile; fileRef = 93AA081F1A5CB77C0041FCC2 /* HTTPPost.m */; };
		93AA082E1A5CBD4D0041FCC2 /* Security.framework in Frameworks */ = {isa = PBXBuildFile; fileRef = 93AA082D1A5CBD4D0041FCC2 /* Security.framework */; };
		93AA08301A5CBD540041FCC2 /* Foundation.framework in Frameworks */ = {isa = PBXBuildFile; fileRef = 93AA082F1A5CBD540041FCC2 /* Foundation.framework */; };
		93AA08321A5CBD5C0041FCC2 /* MobileCoreServices.framework in Frameworks */ = {isa = PBXBuildFile; fileRef = 93AA08311A5CBD5C0041FCC2 /* MobileCoreServices.framework */; };
		93AA08341A5CBD630041FCC2 /* SystemConfiguration.framework in Frameworks */ = {isa = PBXBuildFile; fileRef = 93AA08331A5CBD630041FCC2 /* SystemConfiguration.framework */; };
		93AA084D1A5CBE290041FCC2 /* AFHTTPRequestOperation.m in Sources */ = {isa = PBXBuildFile; fileRef = 93AA083B1A5CBE290041FCC2 /* AFHTTPRequestOperation.m */; };
		93AA084E1A5CBE290041FCC2 /* AFHTTPRequestOperationManager.m in Sources */ = {isa = PBXBuildFile; fileRef = 93AA083D1A5CBE290041FCC2 /* AFHTTPRequestOperationManager.m */; };
		93AA084F1A5CBE290041FCC2 /* AFHTTPSessionManager.m in Sources */ = {isa = PBXBuildFile; fileRef = 93AA083F1A5CBE290041FCC2 /* AFHTTPSessionManager.m */; };
		93AA08501A5CBE290041FCC2 /* AFNetworkReachabilityManager.m in Sources */ = {isa = PBXBuildFile; fileRef = 93AA08421A5CBE290041FCC2 /* AFNetworkReachabilityManager.m */; };
		93AA08511A5CBE290041FCC2 /* AFSecurityPolicy.m in Sources */ = {isa = PBXBuildFile; fileRef = 93AA08441A5CBE290041FCC2 /* AFSecurityPolicy.m */; };
		93AA08521A5CBE290041FCC2 /* AFURLConnectionOperation.m in Sources */ = {isa = PBXBuildFile; fileRef = 93AA08461A5CBE290041FCC2 /* AFURLConnectionOperation.m */; };
		93AA08531A5CBE290041FCC2 /* AFURLRequestSerialization.m in Sources */ = {isa = PBXBuildFile; fileRef = 93AA08481A5CBE290041FCC2 /* AFURLRequestSerialization.m */; };
		93AA08541A5CBE290041FCC2 /* AFURLResponseSerialization.m in Sources */ = {isa = PBXBuildFile; fileRef = 93AA084A1A5CBE290041FCC2 /* AFURLResponseSerialization.m */; };
		93AA08551A5CBE290041FCC2 /* AFURLSessionManager.m in Sources */ = {isa = PBXBuildFile; fileRef = 93AA084C1A5CBE290041FCC2 /* AFURLSessionManager.m */; };
		93B17A1F1A561F720092AE0B /* bookCheckOutViewController.swift in Sources */ = {isa = PBXBuildFile; fileRef = 93B17A1E1A561F720092AE0B /* bookCheckOutViewController.swift */; };
/* End PBXBuildFile section */

/* Begin PBXContainerItemProxy section */
		93070AA91A48508F00A7927B /* PBXContainerItemProxy */ = {
			isa = PBXContainerItemProxy;
			containerPortal = 93070A891A48508E00A7927B /* Project object */;
			proxyType = 1;
			remoteGlobalIDString = 93070A901A48508E00A7927B;
			remoteInfo = SWAGLibrary;
		};
		935149AD1A4C94EF00062997 /* PBXContainerItemProxy */ = {
			isa = PBXContainerItemProxy;
			containerPortal = 935149A61A4C94EF00062997 /* SwiftHTTP.xcodeproj */;
			proxyType = 2;
			remoteGlobalIDString = 6BFD901619C8D8B500DD99B6;
			remoteInfo = SwiftHTTP;
		};
		935149AF1A4C94EF00062997 /* PBXContainerItemProxy */ = {
			isa = PBXContainerItemProxy;
			containerPortal = 935149A61A4C94EF00062997 /* SwiftHTTP.xcodeproj */;
			proxyType = 2;
			remoteGlobalIDString = 6BFD902119C8D8B500DD99B6;
			remoteInfo = SwiftHTTPTests;
		};
		935149B11A4C94EF00062997 /* PBXContainerItemProxy */ = {
			isa = PBXContainerItemProxy;
			containerPortal = 935149A61A4C94EF00062997 /* SwiftHTTP.xcodeproj */;
			proxyType = 2;
			remoteGlobalIDString = D958025919E6EEEB003C8218;
			remoteInfo = SwiftHTTPOSX;
		};
		935149B31A4C94EF00062997 /* PBXContainerItemProxy */ = {
			isa = PBXContainerItemProxy;
			containerPortal = 935149A61A4C94EF00062997 /* SwiftHTTP.xcodeproj */;
			proxyType = 2;
			remoteGlobalIDString = D958026319E6EEEB003C8218;
			remoteInfo = SwiftHTTPOSXTests;
		};
		935149BD1A4C974200062997 /* PBXContainerItemProxy */ = {
			isa = PBXContainerItemProxy;
			containerPortal = 935149B61A4C974200062997 /* JSONJoy.xcodeproj */;
			proxyType = 2;
			remoteGlobalIDString = 6B3E79B719D355CF006071F7;
			remoteInfo = JSONJoy;
		};
		935149BF1A4C974200062997 /* PBXContainerItemProxy */ = {
			isa = PBXContainerItemProxy;
			containerPortal = 935149B61A4C974200062997 /* JSONJoy.xcodeproj */;
			proxyType = 2;
			remoteGlobalIDString = 6B3E79C219D355CF006071F7;
			remoteInfo = JSONJoyTests;
		};
		935149C11A4C974200062997 /* PBXContainerItemProxy */ = {
			isa = PBXContainerItemProxy;
			containerPortal = 935149B61A4C974200062997 /* JSONJoy.xcodeproj */;
			proxyType = 2;
			remoteGlobalIDString = D958022E19E6ED8E003C8218;
			remoteInfo = JSONJoyOSX;
		};
		935149C31A4C974200062997 /* PBXContainerItemProxy */ = {
			isa = PBXContainerItemProxy;
			containerPortal = 935149B61A4C974200062997 /* JSONJoy.xcodeproj */;
			proxyType = 2;
			remoteGlobalIDString = D958023819E6ED8E003C8218;
			remoteInfo = JSONJoyOSXTests;
		};
/* End PBXContainerItemProxy section */

/* Begin PBXFileReference section */
		93070A911A48508E00A7927B /* SWAGLibrary.app */ = {isa = PBXFileReference; explicitFileType = wrapper.application; includeInIndex = 0; path = SWAGLibrary.app; sourceTree = BUILT_PRODUCTS_DIR; };
		93070A951A48508E00A7927B /* Info.plist */ = {isa = PBXFileReference; lastKnownFileType = text.plist.xml; path = Info.plist; sourceTree = "<group>"; };
		93070A961A48508E00A7927B /* AppDelegate.swift */ = {isa = PBXFileReference; lastKnownFileType = sourcecode.swift; path = AppDelegate.swift; sourceTree = "<group>"; };
		93070A981A48508E00A7927B /* MasterViewController.swift */ = {isa = PBXFileReference; lastKnownFileType = sourcecode.swift; path = MasterViewController.swift; sourceTree = "<group>"; };
		93070A9A1A48508E00A7927B /* DetailViewController.swift */ = {isa = PBXFileReference; lastKnownFileType = sourcecode.swift; path = DetailViewController.swift; sourceTree = "<group>"; };
		93070A9D1A48508F00A7927B /* Base */ = {isa = PBXFileReference; lastKnownFileType = file.storyboard; name = Base; path = Base.lproj/Main.storyboard; sourceTree = "<group>"; };
		93070A9F1A48508F00A7927B /* Images.xcassets */ = {isa = PBXFileReference; lastKnownFileType = folder.assetcatalog; path = Images.xcassets; sourceTree = "<group>"; };
		93070AA21A48508F00A7927B /* Base */ = {isa = PBXFileReference; lastKnownFileType = file.xib; name = Base; path = Base.lproj/LaunchScreen.xib; sourceTree = "<group>"; };
		93070AA81A48508F00A7927B /* SWAGLibraryTests.xctest */ = {isa = PBXFileReference; explicitFileType = wrapper.cfbundle; includeInIndex = 0; path = SWAGLibraryTests.xctest; sourceTree = BUILT_PRODUCTS_DIR; };
		93070AAD1A48508F00A7927B /* Info.plist */ = {isa = PBXFileReference; lastKnownFileType = text.plist.xml; path = Info.plist; sourceTree = "<group>"; };
		93070AAE1A48508F00A7927B /* SWAGLibraryTests.swift */ = {isa = PBXFileReference; lastKnownFileType = sourcecode.swift; path = SWAGLibraryTests.swift; sourceTree = "<group>"; };
		931E2ECF1A4BC966006B553B /* AddBookViewController.swift */ = {isa = PBXFileReference; fileEncoding = 4; lastKnownFileType = sourcecode.swift; name = AddBookViewController.swift; path = ../AddBookViewController.swift; sourceTree = "<group>"; };
		935149A61A4C94EF00062997 /* SwiftHTTP.xcodeproj */ = {isa = PBXFileReference; lastKnownFileType = "wrapper.pb-project"; name = SwiftHTTP.xcodeproj; path = "../../../../../../../Users/yose/Downloads/SwiftHTTP-master/SwiftHTTP.xcodeproj"; sourceTree = "<group>"; };
		935149B61A4C974200062997 /* JSONJoy.xcodeproj */ = {isa = PBXFileReference; lastKnownFileType = "wrapper.pb-project"; name = JSONJoy.xcodeproj; path = "../../../../../../../Users/yose/Downloads/JSONJoy-Swift-master/JSONJoy.xcodeproj"; sourceTree = "<group>"; };
		935149C61A4C9E6700062997 /* SWAGBookRetrieval.swift */ = {isa = PBXFileReference; fileEncoding = 4; lastKnownFileType = sourcecode.swift; path = SWAGBookRetrieval.swift; sourceTree = "<group>"; };
		935149C81A4CA35B00062997 /* SWAGRawValues.swift */ = {isa = PBXFileReference; fileEncoding = 4; lastKnownFileType = sourcecode.swift; path = SWAGRawValues.swift; sourceTree = "<group>"; };
		93AA081D1A5CB77B0041FCC2 /* SWAGLibrary-Bridging-Header.h */ = {isa = PBXFileReference; lastKnownFileType = sourcecode.c.h; path = "SWAGLibrary-Bridging-Header.h"; sourceTree = "<group>"; };
		93AA081E1A5CB77C0041FCC2 /* HTTPPost.h */ = {isa = PBXFileReference; fileEncoding = 4; lastKnownFileType = sourcecode.c.h; name = HTTPPost.h; path = ../HTTPPost.h; sourceTree = "<group>"; };
		93AA081F1A5CB77C0041FCC2 /* HTTPPost.m */ = {isa = PBXFileReference; fileEncoding = 4; lastKnownFileType = sourcecode.c.objc; name = HTTPPost.m; path = ../HTTPPost.m; sourceTree = "<group>"; };
		93AA082D1A5CBD4D0041FCC2 /* Security.framework */ = {isa = PBXFileReference; lastKnownFileType = wrapper.framework; name = Security.framework; path = System/Library/Frameworks/Security.framework; sourceTree = SDKROOT; };
		93AA082F1A5CBD540041FCC2 /* Foundation.framework */ = {isa = PBXFileReference; lastKnownFileType = wrapper.framework; name = Foundation.framework; path = System/Library/Frameworks/Foundation.framework; sourceTree = SDKROOT; };
		93AA08311A5CBD5C0041FCC2 /* MobileCoreServices.framework */ = {isa = PBXFileReference; lastKnownFileType = wrapper.framework; name = MobileCoreServices.framework; path = System/Library/Frameworks/MobileCoreServices.framework; sourceTree = SDKROOT; };
		93AA08331A5CBD630041FCC2 /* SystemConfiguration.framework */ = {isa = PBXFileReference; lastKnownFileType = wrapper.framework; name = SystemConfiguration.framework; path = System/Library/Frameworks/SystemConfiguration.framework; sourceTree = SDKROOT; };
		93AA083A1A5CBE290041FCC2 /* AFHTTPRequestOperation.h */ = {isa = PBXFileReference; fileEncoding = 4; lastKnownFileType = sourcecode.c.h; path = AFHTTPRequestOperation.h; sourceTree = "<group>"; };
		93AA083B1A5CBE290041FCC2 /* AFHTTPRequestOperation.m */ = {isa = PBXFileReference; fileEncoding = 4; lastKnownFileType = sourcecode.c.objc; path = AFHTTPRequestOperation.m; sourceTree = "<group>"; };
		93AA083C1A5CBE290041FCC2 /* AFHTTPRequestOperationManager.h */ = {isa = PBXFileReference; fileEncoding = 4; lastKnownFileType = sourcecode.c.h; path = AFHTTPRequestOperationManager.h; sourceTree = "<group>"; };
		93AA083D1A5CBE290041FCC2 /* AFHTTPRequestOperationManager.m */ = {isa = PBXFileReference; fileEncoding = 4; lastKnownFileType = sourcecode.c.objc; path = AFHTTPRequestOperationManager.m; sourceTree = "<group>"; };
		93AA083E1A5CBE290041FCC2 /* AFHTTPSessionManager.h */ = {isa = PBXFileReference; fileEncoding = 4; lastKnownFileType = sourcecode.c.h; path = AFHTTPSessionManager.h; sourceTree = "<group>"; };
		93AA083F1A5CBE290041FCC2 /* AFHTTPSessionManager.m */ = {isa = PBXFileReference; fileEncoding = 4; lastKnownFileType = sourcecode.c.objc; path = AFHTTPSessionManager.m; sourceTree = "<group>"; };
		93AA08401A5CBE290041FCC2 /* AFNetworking.h */ = {isa = PBXFileReference; fileEncoding = 4; lastKnownFileType = sourcecode.c.h; path = AFNetworking.h; sourceTree = "<group>"; };
		93AA08411A5CBE290041FCC2 /* AFNetworkReachabilityManager.h */ = {isa = PBXFileReference; fileEncoding = 4; lastKnownFileType = sourcecode.c.h; path = AFNetworkReachabilityManager.h; sourceTree = "<group>"; };
		93AA08421A5CBE290041FCC2 /* AFNetworkReachabilityManager.m */ = {isa = PBXFileReference; fileEncoding = 4; lastKnownFileType = sourcecode.c.objc; path = AFNetworkReachabilityManager.m; sourceTree = "<group>"; };
		93AA08431A5CBE290041FCC2 /* AFSecurityPolicy.h */ = {isa = PBXFileReference; fileEncoding = 4; lastKnownFileType = sourcecode.c.h; path = AFSecurityPolicy.h; sourceTree = "<group>"; };
		93AA08441A5CBE290041FCC2 /* AFSecurityPolicy.m */ = {isa = PBXFileReference; fileEncoding = 4; lastKnownFileType = sourcecode.c.objc; path = AFSecurityPolicy.m; sourceTree = "<group>"; };
		93AA08451A5CBE290041FCC2 /* AFURLConnectionOperation.h */ = {isa = PBXFileReference; fileEncoding = 4; lastKnownFileType = sourcecode.c.h; path = AFURLConnectionOperation.h; sourceTree = "<group>"; };
		93AA08461A5CBE290041FCC2 /* AFURLConnectionOperation.m */ = {isa = PBXFileReference; fileEncoding = 4; lastKnownFileType = sourcecode.c.objc; path = AFURLConnectionOperation.m; sourceTree = "<group>"; };
		93AA08471A5CBE290041FCC2 /* AFURLRequestSerialization.h */ = {isa = PBXFileReference; fileEncoding = 4; lastKnownFileType = sourcecode.c.h; path = AFURLRequestSerialization.h; sourceTree = "<group>"; };
		93AA08481A5CBE290041FCC2 /* AFURLRequestSerialization.m */ = {isa = PBXFileReference; fileEncoding = 4; lastKnownFileType = sourcecode.c.objc; path = AFURLRequestSerialization.m; sourceTree = "<group>"; };
		93AA08491A5CBE290041FCC2 /* AFURLResponseSerialization.h */ = {isa = PBXFileReference; fileEncoding = 4; lastKnownFileType = sourcecode.c.h; path = AFURLResponseSerialization.h; sourceTree = "<group>"; };
		93AA084A1A5CBE290041FCC2 /* AFURLResponseSerialization.m */ = {isa = PBXFileReference; fileEncoding = 4; lastKnownFileType = sourcecode.c.objc; path = AFURLResponseSerialization.m; sourceTree = "<group>"; };
		93AA084B1A5CBE290041FCC2 /* AFURLSessionManager.h */ = {isa = PBXFileReference; fileEncoding = 4; lastKnownFileType = sourcecode.c.h; path = AFURLSessionManager.h; sourceTree = "<group>"; };
		93AA084C1A5CBE290041FCC2 /* AFURLSessionManager.m */ = {isa = PBXFileReference; fileEncoding = 4; lastKnownFileType = sourcecode.c.objc; path = AFURLSessionManager.m; sourceTree = "<group>"; };
		93B17A1E1A561F720092AE0B /* bookCheckOutViewController.swift */ = {isa = PBXFileReference; fileEncoding = 4; lastKnownFileType = sourcecode.swift; path = bookCheckOutViewController.swift; sourceTree = "<group>"; };
/* End PBXFileReference section */

/* Begin PBXFrameworksBuildPhase section */
		93070A8E1A48508E00A7927B /* Frameworks */ = {
			isa = PBXFrameworksBuildPhase;
			buildActionMask = 2147483647;
			files = (
				93AA08341A5CBD630041FCC2 /* SystemConfiguration.framework in Frameworks */,
				93AA08321A5CBD5C0041FCC2 /* MobileCoreServices.framework in Frameworks */,
				93AA08301A5CBD540041FCC2 /* Foundation.framework in Frameworks */,
				93AA082E1A5CBD4D0041FCC2 /* Security.framework in Frameworks */,
				935149C51A4C97E000062997 /* JSONJoy.framework in Frameworks */,
				935149B51A4C951D00062997 /* SwiftHTTP.framework in Frameworks */,
			);
			runOnlyForDeploymentPostprocessing = 0;
		};
		93070AA51A48508F00A7927B /* Frameworks */ = {
			isa = PBXFrameworksBuildPhase;
			buildActionMask = 2147483647;
			files = (
			);
			runOnlyForDeploymentPostprocessing = 0;
		};
/* End PBXFrameworksBuildPhase section */

/* Begin PBXGroup section */
		93070A881A48508E00A7927B = {
			isa = PBXGroup;
			children = (
				935149B61A4C974200062997 /* JSONJoy.xcodeproj */,
				935149A61A4C94EF00062997 /* SwiftHTTP.xcodeproj */,
				93070A931A48508E00A7927B /* SWAGLibrary */,
				93070AAB1A48508F00A7927B /* SWAGLibraryTests */,
				93070A921A48508E00A7927B /* Products */,
				93AA081D1A5CB77B0041FCC2 /* SWAGLibrary-Bridging-Header.h */,
			);
			sourceTree = "<group>";
		};
		93070A921A48508E00A7927B /* Products */ = {
			isa = PBXGroup;
			children = (
				93070A911A48508E00A7927B /* SWAGLibrary.app */,
				93070AA81A48508F00A7927B /* SWAGLibraryTests.xctest */,
			);
			name = Products;
			sourceTree = "<group>";
		};
		93070A931A48508E00A7927B /* SWAGLibrary */ = {
			isa = PBXGroup;
			children = (
				93AA08391A5CBE1D0041FCC2 /* AFNetwork */,
				93AA081E1A5CB77C0041FCC2 /* HTTPPost.h */,
				93AA081F1A5CB77C0041FCC2 /* HTTPPost.m */,
				93070A961A48508E00A7927B /* AppDelegate.swift */,
				93070A981A48508E00A7927B /* MasterViewController.swift */,
				93070A9A1A48508E00A7927B /* DetailViewController.swift */,
				931E2ECF1A4BC966006B553B /* AddBookViewController.swift */,
				935149C81A4CA35B00062997 /* SWAGRawValues.swift */,
				935149C61A4C9E6700062997 /* SWAGBookRetrieval.swift */,
				93070A9C1A48508F00A7927B /* Main.storyboard */,
				93B17A1E1A561F720092AE0B /* bookCheckOutViewController.swift */,
				93070A9F1A48508F00A7927B /* Images.xcassets */,
				93070AA11A48508F00A7927B /* LaunchScreen.xib */,
				93AA08351A5CBD690041FCC2 /* Frameworks */,
				93070A941A48508E00A7927B /* Supporting Files */,
			);
			path = SWAGLibrary;
			sourceTree = "<group>";
		};
		93070A941A48508E00A7927B /* Supporting Files */ = {
			isa = PBXGroup;
			children = (
				93070A951A48508E00A7927B /* Info.plist */,
			);
			name = "Supporting Files";
			sourceTree = "<group>";
		};
		93070AAB1A48508F00A7927B /* SWAGLibraryTests */ = {
			isa = PBXGroup;
			children = (
				93070AAE1A48508F00A7927B /* SWAGLibraryTests.swift */,
				93070AAC1A48508F00A7927B /* Supporting Files */,
			);
			path = SWAGLibraryTests;
			sourceTree = "<group>";
		};
		93070AAC1A48508F00A7927B /* Supporting Files */ = {
			isa = PBXGroup;
			children = (
				93070AAD1A48508F00A7927B /* Info.plist */,
			);
			name = "Supporting Files";
			sourceTree = "<group>";
		};
		935149A71A4C94EF00062997 /* Products */ = {
			isa = PBXGroup;
			children = (
				935149AE1A4C94EF00062997 /* SwiftHTTP.framework */,
				935149B01A4C94EF00062997 /* SwiftHTTPTests.xctest */,
				935149B21A4C94EF00062997 /* SwiftHTTPOSX.framework */,
				935149B41A4C94EF00062997 /* SwiftHTTPOSXTests.xctest */,
			);
			name = Products;
			sourceTree = "<group>";
		};
		935149B71A4C974200062997 /* Products */ = {
			isa = PBXGroup;
			children = (
				935149BE1A4C974200062997 /* JSONJoy.framework */,
				935149C01A4C974200062997 /* JSONJoyTests.xctest */,
				935149C21A4C974200062997 /* JSONJoyOSX.framework */,
				935149C41A4C974200062997 /* JSONJoyOSXTests.xctest */,
			);
			name = Products;
			sourceTree = "<group>";
		};
		93AA08351A5CBD690041FCC2 /* Frameworks */ = {
			isa = PBXGroup;
			children = (
				93AA08331A5CBD630041FCC2 /* SystemConfiguration.framework */,
				93AA08311A5CBD5C0041FCC2 /* MobileCoreServices.framework */,
				93AA082F1A5CBD540041FCC2 /* Foundation.framework */,
				93AA082D1A5CBD4D0041FCC2 /* Security.framework */,
			);
			name = Frameworks;
			path = ..;
			sourceTree = "<group>";
		};
		93AA08391A5CBE1D0041FCC2 /* AFNetwork */ = {
			isa = PBXGroup;
			children = (
				93AA083A1A5CBE290041FCC2 /* AFHTTPRequestOperation.h */,
				93AA083B1A5CBE290041FCC2 /* AFHTTPRequestOperation.m */,
				93AA083C1A5CBE290041FCC2 /* AFHTTPRequestOperationManager.h */,
				93AA083D1A5CBE290041FCC2 /* AFHTTPRequestOperationManager.m */,
				93AA083E1A5CBE290041FCC2 /* AFHTTPSessionManager.h */,
				93AA083F1A5CBE290041FCC2 /* AFHTTPSessionManager.m */,
				93AA08401A5CBE290041FCC2 /* AFNetworking.h */,
				93AA08411A5CBE290041FCC2 /* AFNetworkReachabilityManager.h */,
				93AA08421A5CBE290041FCC2 /* AFNetworkReachabilityManager.m */,
				93AA08431A5CBE290041FCC2 /* AFSecurityPolicy.h */,
				93AA08441A5CBE290041FCC2 /* AFSecurityPolicy.m */,
				93AA08451A5CBE290041FCC2 /* AFURLConnectionOperation.h */,
				93AA08461A5CBE290041FCC2 /* AFURLConnectionOperation.m */,
				93AA08471A5CBE290041FCC2 /* AFURLRequestSerialization.h */,
				93AA08481A5CBE290041FCC2 /* AFURLRequestSerialization.m */,
				93AA08491A5CBE290041FCC2 /* AFURLResponseSerialization.h */,
				93AA084A1A5CBE290041FCC2 /* AFURLResponseSerialization.m */,
				93AA084B1A5CBE290041FCC2 /* AFURLSessionManager.h */,
				93AA084C1A5CBE290041FCC2 /* AFURLSessionManager.m */,
			);
			name = AFNetwork;
			sourceTree = "<group>";
		};
/* End PBXGroup section */

/* Begin PBXNativeTarget section */
		93070A901A48508E00A7927B /* SWAGLibrary */ = {
			isa = PBXNativeTarget;
			buildConfigurationList = 93070AB21A48508F00A7927B /* Build configuration list for PBXNativeTarget "SWAGLibrary" */;
			buildPhases = (
				93070A8D1A48508E00A7927B /* Sources */,
				93070A8E1A48508E00A7927B /* Frameworks */,
				93070A8F1A48508E00A7927B /* Resources */,
			);
			buildRules = (
			);
			dependencies = (
			);
			name = SWAGLibrary;
			productName = SWAGLibrary;
			productReference = 93070A911A48508E00A7927B /* SWAGLibrary.app */;
			productType = "com.apple.product-type.application";
		};
		93070AA71A48508F00A7927B /* SWAGLibraryTests */ = {
			isa = PBXNativeTarget;
			buildConfigurationList = 93070AB51A48508F00A7927B /* Build configuration list for PBXNativeTarget "SWAGLibraryTests" */;
			buildPhases = (
				93070AA41A48508F00A7927B /* Sources */,
				93070AA51A48508F00A7927B /* Frameworks */,
				93070AA61A48508F00A7927B /* Resources */,
			);
			buildRules = (
			);
			dependencies = (
				93070AAA1A48508F00A7927B /* PBXTargetDependency */,
			);
			name = SWAGLibraryTests;
			productName = SWAGLibraryTests;
			productReference = 93070AA81A48508F00A7927B /* SWAGLibraryTests.xctest */;
			productType = "com.apple.product-type.bundle.unit-test";
		};
/* End PBXNativeTarget section */

/* Begin PBXProject section */
		93070A891A48508E00A7927B /* Project object */ = {
			isa = PBXProject;
			attributes = {
				LastUpgradeCheck = 0620;
				ORGANIZATIONNAME = Yose;
				TargetAttributes = {
					93070A901A48508E00A7927B = {
						CreatedOnToolsVersion = 6.2;
					};
					93070AA71A48508F00A7927B = {
						CreatedOnToolsVersion = 6.2;
						TestTargetID = 93070A901A48508E00A7927B;
					};
				};
			};
			buildConfigurationList = 93070A8C1A48508E00A7927B /* Build configuration list for PBXProject "SWAGLibrary" */;
			compatibilityVersion = "Xcode 3.2";
			developmentRegion = English;
			hasScannedForEncodings = 0;
			knownRegions = (
				en,
				Base,
			);
			mainGroup = 93070A881A48508E00A7927B;
			productRefGroup = 93070A921A48508E00A7927B /* Products */;
			projectDirPath = "";
			projectReferences = (
				{
					ProductGroup = 935149B71A4C974200062997 /* Products */;
					ProjectRef = 935149B61A4C974200062997 /* JSONJoy.xcodeproj */;
				},
				{
					ProductGroup = 935149A71A4C94EF00062997 /* Products */;
					ProjectRef = 935149A61A4C94EF00062997 /* SwiftHTTP.xcodeproj */;
				},
			);
			projectRoot = "";
			targets = (
				93070A901A48508E00A7927B /* SWAGLibrary */,
				93070AA71A48508F00A7927B /* SWAGLibraryTests */,
			);
		};
/* End PBXProject section */

/* Begin PBXReferenceProxy section */
		935149AE1A4C94EF00062997 /* SwiftHTTP.framework */ = {
			isa = PBXReferenceProxy;
			fileType = wrapper.framework;
			path = SwiftHTTP.framework;
			remoteRef = 935149AD1A4C94EF00062997 /* PBXContainerItemProxy */;
			sourceTree = BUILT_PRODUCTS_DIR;
		};
		935149B01A4C94EF00062997 /* SwiftHTTPTests.xctest */ = {
			isa = PBXReferenceProxy;
			fileType = wrapper.cfbundle;
			path = SwiftHTTPTests.xctest;
			remoteRef = 935149AF1A4C94EF00062997 /* PBXContainerItemProxy */;
			sourceTree = BUILT_PRODUCTS_DIR;
		};
		935149B21A4C94EF00062997 /* SwiftHTTPOSX.framework */ = {
			isa = PBXReferenceProxy;
			fileType = wrapper.framework;
			path = SwiftHTTPOSX.framework;
			remoteRef = 935149B11A4C94EF00062997 /* PBXContainerItemProxy */;
			sourceTree = BUILT_PRODUCTS_DIR;
		};
		935149B41A4C94EF00062997 /* SwiftHTTPOSXTests.xctest */ = {
			isa = PBXReferenceProxy;
			fileType = wrapper.cfbundle;
			path = SwiftHTTPOSXTests.xctest;
			remoteRef = 935149B31A4C94EF00062997 /* PBXContainerItemProxy */;
			sourceTree = BUILT_PRODUCTS_DIR;
		};
		935149BE1A4C974200062997 /* JSONJoy.framework */ = {
			isa = PBXReferenceProxy;
			fileType = wrapper.framework;
			path = JSONJoy.framework;
			remoteRef = 935149BD1A4C974200062997 /* PBXContainerItemProxy */;
			sourceTree = BUILT_PRODUCTS_DIR;
		};
		935149C01A4C974200062997 /* JSONJoyTests.xctest */ = {
			isa = PBXReferenceProxy;
			fileType = wrapper.cfbundle;
			path = JSONJoyTests.xctest;
			remoteRef = 935149BF1A4C974200062997 /* PBXContainerItemProxy */;
			sourceTree = BUILT_PRODUCTS_DIR;
		};
		935149C21A4C974200062997 /* JSONJoyOSX.framework */ = {
			isa = PBXReferenceProxy;
			fileType = wrapper.framework;
			path = JSONJoyOSX.framework;
			remoteRef = 935149C11A4C974200062997 /* PBXContainerItemProxy */;
			sourceTree = BUILT_PRODUCTS_DIR;
		};
		935149C41A4C974200062997 /* JSONJoyOSXTests.xctest */ = {
			isa = PBXReferenceProxy;
			fileType = wrapper.cfbundle;
			path = JSONJoyOSXTests.xctest;
			remoteRef = 935149C31A4C974200062997 /* PBXContainerItemProxy */;
			sourceTree = BUILT_PRODUCTS_DIR;
		};
/* End PBXReferenceProxy section */

/* Begin PBXResourcesBuildPhase section */
		93070A8F1A48508E00A7927B /* Resources */ = {
			isa = PBXResourcesBuildPhase;
			buildActionMask = 2147483647;
			files = (
				93070A9E1A48508F00A7927B /* Main.storyboard in Resources */,
				93070AA31A48508F00A7927B /* LaunchScreen.xib in Resources */,
				93070AA01A48508F00A7927B /* Images.xcassets in Resources */,
			);
			runOnlyForDeploymentPostprocessing = 0;
		};
		93070AA61A48508F00A7927B /* Resources */ = {
			isa = PBXResourcesBuildPhase;
			buildActionMask = 2147483647;
			files = (
			);
			runOnlyForDeploymentPostprocessing = 0;
		};
/* End PBXResourcesBuildPhase section */

/* Begin PBXSourcesBuildPhase section */
		93070A8D1A48508E00A7927B /* Sources */ = {
			isa = PBXSourcesBuildPhase;
			buildActionMask = 2147483647;
			files = (
				93AA08551A5CBE290041FCC2 /* AFURLSessionManager.m in Sources */,
				93AA08521A5CBE290041FCC2 /* AFURLConnectionOperation.m in Sources */,
				93AA084D1A5CBE290041FCC2 /* AFHTTPRequestOperation.m in Sources */,
				935149C91A4CA35B00062997 /* SWAGRawValues.swift in Sources */,
				93AA084E1A5CBE290041FCC2 /* AFHTTPRequestOperationManager.m in Sources */,
				93070A9B1A48508E00A7927B /* DetailViewController.swift in Sources */,
				931E2ED01A4BC966006B553B /* AddBookViewController.swift in Sources */,
				93AA084F1A5CBE290041FCC2 /* AFHTTPSessionManager.m in Sources */,
				93AA08201A5CB77C0041FCC2 /* HTTPPost.m in Sources */,
				93070A991A48508E00A7927B /* MasterViewController.swift in Sources */,
				93070A971A48508E00A7927B /* AppDelegate.swift in Sources */,
				93AA08511A5CBE290041FCC2 /* AFSecurityPolicy.m in Sources */,
				93B17A1F1A561F720092AE0B /* bookCheckOutViewController.swift in Sources */,
				93AA08531A5CBE290041FCC2 /* AFURLRequestSerialization.m in Sources */,
				93AA08501A5CBE290041FCC2 /* AFNetworkReachabilityManager.m in Sources */,
				93AA08541A5CBE290041FCC2 /* AFURLResponseSerialization.m in Sources */,
				935149C71A4C9E6700062997 /* SWAGBookRetrieval.swift in Sources */,
			);
			runOnlyForDeploymentPostprocessing = 0;
		};
		93070AA41A48508F00A7927B /* Sources */ = {
			isa = PBXSourcesBuildPhase;
			buildActionMask = 2147483647;
			files = (
				93070AAF1A48508F00A7927B /* SWAGLibraryTests.swift in Sources */,
			);
			runOnlyForDeploymentPostprocessing = 0;
		};
/* End PBXSourcesBuildPhase section */

/* Begin PBXTargetDependency section */
		93070AAA1A48508F00A7927B /* PBXTargetDependency */ = {
			isa = PBXTargetDependency;
			target = 93070A901A48508E00A7927B /* SWAGLibrary */;
			targetProxy = 93070AA91A48508F00A7927B /* PBXContainerItemProxy */;
		};
/* End PBXTargetDependency section */

/* Begin PBXVariantGroup section */
		93070A9C1A48508F00A7927B /* Main.storyboard */ = {
			isa = PBXVariantGroup;
			children = (
				93070A9D1A48508F00A7927B /* Base */,
			);
			name = Main.storyboard;
			sourceTree = "<group>";
		};
		93070AA11A48508F00A7927B /* LaunchScreen.xib */ = {
			isa = PBXVariantGroup;
			children = (
				93070AA21A48508F00A7927B /* Base */,
			);
			name = LaunchScreen.xib;
			sourceTree = "<group>";
		};
/* End PBXVariantGroup section */

/* Begin XCBuildConfiguration section */
		93070AB01A48508F00A7927B /* Debug */ = {
			isa = XCBuildConfiguration;
			buildSettings = {
				ALWAYS_SEARCH_USER_PATHS = NO;
				CLANG_CXX_LANGUAGE_STANDARD = "gnu++0x";
				CLANG_CXX_LIBRARY = "libc++";
				CLANG_ENABLE_MODULES = YES;
				CLANG_ENABLE_OBJC_ARC = YES;
				CLANG_WARN_BOOL_CONVERSION = YES;
				CLANG_WARN_CONSTANT_CONVERSION = YES;
				CLANG_WARN_DIRECT_OBJC_ISA_USAGE = YES_ERROR;
				CLANG_WARN_EMPTY_BODY = YES;
				CLANG_WARN_ENUM_CONVERSION = YES;
				CLANG_WARN_INT_CONVERSION = YES;
				CLANG_WARN_OBJC_ROOT_CLASS = YES_ERROR;
				CLANG_WARN_UNREACHABLE_CODE = YES;
				CLANG_WARN__DUPLICATE_METHOD_MATCH = YES;
				"CODE_SIGN_IDENTITY[sdk=iphoneos*]" = "iPhone Developer";
				COPY_PHASE_STRIP = NO;
				ENABLE_STRICT_OBJC_MSGSEND = YES;
				GCC_C_LANGUAGE_STANDARD = gnu99;
				GCC_DYNAMIC_NO_PIC = NO;
				GCC_OPTIMIZATION_LEVEL = 0;
				GCC_PREPROCESSOR_DEFINITIONS = (
					"DEBUG=1",
					"$(inherited)",
				);
				GCC_SYMBOLS_PRIVATE_EXTERN = NO;
				GCC_WARN_64_TO_32_BIT_CONVERSION = YES;
				GCC_WARN_ABOUT_RETURN_TYPE = YES_ERROR;
				GCC_WARN_UNDECLARED_SELECTOR = YES;
				GCC_WARN_UNINITIALIZED_AUTOS = YES_AGGRESSIVE;
				GCC_WARN_UNUSED_FUNCTION = YES;
				GCC_WARN_UNUSED_VARIABLE = YES;
				IPHONEOS_DEPLOYMENT_TARGET = 7.0;
				MTL_ENABLE_DEBUG_INFO = YES;
				ONLY_ACTIVE_ARCH = YES;
				SDKROOT = iphoneos;
				SWIFT_OPTIMIZATION_LEVEL = "-Onone";
				TARGETED_DEVICE_FAMILY = "1,2";
				VALID_ARCHS = "arm64 armv7 armv7s i386 x86_64";
			};
			name = Debug;
		};
		93070AB11A48508F00A7927B /* Release */ = {
			isa = XCBuildConfiguration;
			buildSettings = {
				ALWAYS_SEARCH_USER_PATHS = NO;
				CLANG_CXX_LANGUAGE_STANDARD = "gnu++0x";
				CLANG_CXX_LIBRARY = "libc++";
				CLANG_ENABLE_MODULES = YES;
				CLANG_ENABLE_OBJC_ARC = YES;
				CLANG_WARN_BOOL_CONVERSION = YES;
				CLANG_WARN_CONSTANT_CONVERSION = YES;
				CLANG_WARN_DIRECT_OBJC_ISA_USAGE = YES_ERROR;
				CLANG_WARN_EMPTY_BODY = YES;
				CLANG_WARN_ENUM_CONVERSION = YES;
				CLANG_WARN_INT_CONVERSION = YES;
				CLANG_WARN_OBJC_ROOT_CLASS = YES_ERROR;
				CLANG_WARN_UNREACHABLE_CODE = YES;
				CLANG_WARN__DUPLICATE_METHOD_MATCH = YES;
				"CODE_SIGN_IDENTITY[sdk=iphoneos*]" = "iPhone Developer";
				COPY_PHASE_STRIP = YES;
				ENABLE_NS_ASSERTIONS = NO;
				ENABLE_STRICT_OBJC_MSGSEND = YES;
				GCC_C_LANGUAGE_STANDARD = gnu99;
				GCC_WARN_64_TO_32_BIT_CONVERSION = YES;
				GCC_WARN_ABOUT_RETURN_TYPE = YES_ERROR;
				GCC_WARN_UNDECLARED_SELECTOR = YES;
				GCC_WARN_UNINITIALIZED_AUTOS = YES_AGGRESSIVE;
				GCC_WARN_UNUSED_FUNCTION = YES;
				GCC_WARN_UNUSED_VARIABLE = YES;
				IPHONEOS_DEPLOYMENT_TARGET = 7.0;
				MTL_ENABLE_DEBUG_INFO = NO;
				SDKROOT = iphoneos;
				TARGETED_DEVICE_FAMILY = "1,2";
				VALIDATE_PRODUCT = YES;
				VALID_ARCHS = "arm64 armv7 armv7s i386 x86_64";
			};
			name = Release;
		};
		93070AB31A48508F00A7927B /* Debug */ = {
			isa = XCBuildConfiguration;
			buildSettings = {
				ASSETCATALOG_COMPILER_APPICON_NAME = AppIcon;
				CLANG_ENABLE_MODULES = YES;
				FRAMEWORK_SEARCH_PATHS = (
					"$(inherited)",
					/Volumes/HyperX/User_created_Xcode_Frameworks,
				);
				INFOPLIST_FILE = SWAGLibrary/Info.plist;
				IPHONEOS_DEPLOYMENT_TARGET = 8.0;
				LD_RUNPATH_SEARCH_PATHS = "$(inherited) @executable_path/Frameworks";
				PRODUCT_NAME = "$(TARGET_NAME)";
				SWIFT_OBJC_BRIDGING_HEADER = "SWAGLibrary-Bridging-Header.h";
				SWIFT_OPTIMIZATION_LEVEL = "-Onone";
				TARGETED_DEVICE_FAMILY = 1;
				VALID_ARCHS = "arm64 armv7 armv7s i386 x86_64";
			};
			name = Debug;
		};
		93070AB41A48508F00A7927B /* Release */ = {
			isa = XCBuildConfiguration;
			buildSettings = {
				ASSETCATALOG_COMPILER_APPICON_NAME = AppIcon;
				CLANG_ENABLE_MODULES = YES;
				FRAMEWORK_SEARCH_PATHS = (
					"$(inherited)",
					/Volumes/HyperX/User_created_Xcode_Frameworks,
				);
				INFOPLIST_FILE = SWAGLibrary/Info.plist;
				IPHONEOS_DEPLOYMENT_TARGET = 8.0;
				LD_RUNPATH_SEARCH_PATHS = "$(inherited) @executable_path/Frameworks";
				PRODUCT_NAME = "$(TARGET_NAME)";
				SWIFT_OBJC_BRIDGING_HEADER = "SWAGLibrary-Bridging-Header.h";
				TARGETED_DEVICE_FAMILY = 1;
				VALID_ARCHS = "arm64 armv7 armv7s i386 x86_64";
			};
			name = Release;
		};
		93070AB61A48508F00A7927B /* Debug */ = {
			isa = XCBuildConfiguration;
			buildSettings = {
				BUNDLE_LOADER = "$(TEST_HOST)";
				FRAMEWORK_SEARCH_PATHS = (
					"$(SDKROOT)/Developer/Library/Frameworks",
					"$(inherited)",
				);
				GCC_PREPROCESSOR_DEFINITIONS = (
					"DEBUG=1",
					"$(inherited)",
				);
				INFOPLIST_FILE = SWAGLibraryTests/Info.plist;
				LD_RUNPATH_SEARCH_PATHS = "$(inherited) @executable_path/Frameworks @loader_path/Frameworks";
				PRODUCT_NAME = "$(TARGET_NAME)";
				TEST_HOST = "$(BUILT_PRODUCTS_DIR)/SWAGLibrary.app/SWAGLibrary";
			};
			name = Debug;
		};
		93070AB71A48508F00A7927B /* Release */ = {
			isa = XCBuildConfiguration;
			buildSettings = {
				BUNDLE_LOADER = "$(TEST_HOST)";
				FRAMEWORK_SEARCH_PATHS = (
					"$(SDKROOT)/Developer/Library/Frameworks",
					"$(inherited)",
				);
				INFOPLIST_FILE = SWAGLibraryTests/Info.plist;
				LD_RUNPATH_SEARCH_PATHS = "$(inherited) @executable_path/Frameworks @loader_path/Frameworks";
				PRODUCT_NAME = "$(TARGET_NAME)";
				TEST_HOST = "$(BUILT_PRODUCTS_DIR)/SWAGLibrary.app/SWAGLibrary";
			};
			name = Release;
		};
/* End XCBuildConfiguration section */

/* Begin XCConfigurationList section */
		93070A8C1A48508E00A7927B /* Build configuration list for PBXProject "SWAGLibrary" */ = {
			isa = XCConfigurationList;
			buildConfigurations = (
				93070AB01A48508F00A7927B /* Debug */,
				93070AB11A48508F00A7927B /* Release */,
			);
			defaultConfigurationIsVisible = 0;
			defaultConfigurationName = Release;
		};
		93070AB21A48508F00A7927B /* Build configuration list for PBXNativeTarget "SWAGLibrary" */ = {
			isa = XCConfigurationList;
			buildConfigurations = (
				93070AB31A48508F00A7927B /* Debug */,
				93070AB41A48508F00A7927B /* Release */,
			);
			defaultConfigurationIsVisible = 0;
			defaultConfigurationName = Release;
		};
		93070AB51A48508F00A7927B /* Build configuration list for PBXNativeTarget "SWAGLibraryTests" */ = {
			isa = XCConfigurationList;
			buildConfigurations = (
				93070AB61A48508F00A7927B /* Debug */,
				93070AB71A48508F00A7927B /* Release */,
			);
			defaultConfigurationIsVisible = 0;
			defaultConfigurationName = Release;
		};
/* End XCConfigurationList section */
	};
	rootObject = 93070A891A48508E00A7927B /* Project object */;
}
